
Microsoft Visual Studio Solution File, Format Version 12.00
# Visual Studio 15
VisualStudioVersion = 15.0.26730.16
MinimumVisualStudioVersion = 10.0.40219.1
Project("{8BC9CEB8-8B4A-11D0-8D11-00A0C91BC942}") = "min_element01", "..\min_element01\min_element01.vcxproj", "{9766AC31-86B0-45B0-8A7A-CE515856111A}"
EndProject
Project("{8BC9CEB8-8B4A-11D0-8D11-00A0C91BC942}") = "array_copy", "..\array_copy\array_copy.vcxproj", "{54E72196-0CF1-4790-A901-CCF8B0F7AB94}"
EndProject
Project("{8BC9CEB8-8B4A-11D0-8D11-00A0C91BC942}") = "check_type_deduction", "..\check_type_deduction\check_type_deduction.vcxproj", "{67CE4FCA-F303-45CF-9275-98D21D9B8C81}"
EndProject
Global
	GlobalSection(SolutionConfigurationPlatforms) = preSolution
		Debug|x64 = Debug|x64
		Debug|x86 = Debug|x86
		Release|x64 = Release|x64
		Release|x86 = Release|x86
	EndGlobalSection
	GlobalSection(ProjectConfigurationPlatforms) = postSolution
		{9766AC31-86B0-45B0-8A7A-CE515856111A}.Debug|x64.ActiveCfg = Debug|x64
		{9766AC31-86B0-45B0-8A7A-CE515856111A}.Debug|x64.Build.0 = Debug|x64
		{9766AC31-86B0-45B0-8A7A-CE515856111A}.Debug|x86.ActiveCfg = Debug|Win32
		{9766AC31-86B0-45B0-8A7A-CE515856111A}.Debug|x86.Build.0 = Debug|Win32
		{9766AC31-86B0-45B0-8A7A-CE515856111A}.Release|x64.ActiveCfg = Release|x64
		{9766AC31-86B0-45B0-8A7A-CE515856111A}.Release|x64.Build.0 = Release|x64
		{9766AC31-86B0-45B0-8A7A-CE515856111A}.Release|x86.ActiveCfg = Release|Win32
		{9766AC31-86B0-45B0-8A7A-CE515856111A}.Release|x86.Build.0 = Release|Win32
		{54E72196-0CF1-4790-A901-CCF8B0F7AB94}.Debug|x64.ActiveCfg = Debug|x64
		{54E72196-0CF1-4790-A901-CCF8B0F7AB94}.Debug|x64.Build.0 = Debug|x64
		{54E72196-0CF1-4790-A901-CCF8B0F7AB94}.Debug|x86.ActiveCfg = Debug|Win32
		{54E72196-0CF1-4790-A901-CCF8B0F7AB94}.Debug|x86.Build.0 = Debug|Win32
		{54E72196-0CF1-4790-A901-CCF8B0F7AB94}.Release|x64.ActiveCfg = Release|x64
		{54E72196-0CF1-4790-A901-CCF8B0F7AB94}.Release|x64.Build.0 = Release|x64
		{54E72196-0CF1-4790-A901-CCF8B0F7AB94}.Release|x86.ActiveCfg = Release|Win32
		{54E72196-0CF1-4790-A901-CCF8B0F7AB94}.Release|x86.Build.0 = Release|Win32
		{67CE4FCA-F303-45CF-9275-98D21D9B8C81}.Debug|x64.ActiveCfg = Debug|x64
		{67CE4FCA-F303-45CF-9275-98D21D9B8C81}.Debug|x64.Build.0 = Debug|x64
		{67CE4FCA-F303-45CF-9275-98D21D9B8C81}.Debug|x86.ActiveCfg = Debug|Win32
		{67CE4FCA-F303-45CF-9275-98D21D9B8C81}.Debug|x86.Build.0 = Debug|Win32
		{67CE4FCA-F303-45CF-9275-98D21D9B8C81}.Release|x64.ActiveCfg = Release|x64
		{67CE4FCA-F303-45CF-9275-98D21D9B8C81}.Release|x64.Build.0 = Release|x64
		{67CE4FCA-F303-45CF-9275-98D21D9B8C81}.Release|x86.ActiveCfg = Release|Win32
		{67CE4FCA-F303-45CF-9275-98D21D9B8C81}.Release|x86.Build.0 = Release|Win32
	EndGlobalSection
	GlobalSection(SolutionProperties) = preSolution
		HideSolutionNode = FALSE
	EndGlobalSection
	GlobalSection(ExtensibilityGlobals) = postSolution
		SolutionGuid = {E7FCD362-C4C6-48C3-95D3-A80D4F792DF8}
	EndGlobalSection
EndGlobal
