
Microsoft Visual Studio Solution File, Format Version 12.00
# Visual Studio 15
VisualStudioVersion = 15.0.27130.2010
MinimumVisualStudioVersion = 10.0.40219.1
Project("{8BC9CEB8-8B4A-11D0-8D11-00A0C91BC942}") = "min_element01", "..\min_element01\min_element01.vcxproj", "{9766AC31-86B0-45B0-8A7A-CE515856111A}"
EndProject
Project("{8BC9CEB8-8B4A-11D0-8D11-00A0C91BC942}") = "array_copy", "..\array_copy\array_copy.vcxproj", "{54E72196-0CF1-4790-A901-CCF8B0F7AB94}"
EndProject
Project("{8BC9CEB8-8B4A-11D0-8D11-00A0C91BC942}") = "check_type_deduction", "..\check_type_deduction\check_type_deduction.vcxproj", "{67CE4FCA-F303-45CF-9275-98D21D9B8C81}"
EndProject
Project("{8BC9CEB8-8B4A-11D0-8D11-00A0C91BC942}") = "const_pass_by_value", "..\const_pass_by_value\const_pass_by_value.vcxproj", "{CFCB055A-7261-47AE-BEE1-E466366A028F}"
EndProject
Project("{8BC9CEB8-8B4A-11D0-8D11-00A0C91BC942}") = "multithreading01", "..\multithreading01\multithreading01.vcxproj", "{AB8C0412-E72F-4D4E-A950-907BD51A3299}"
EndProject
Project("{8BC9CEB8-8B4A-11D0-8D11-00A0C91BC942}") = "preincrement", "..\preincrement\preincrement.vcxproj", "{41236DA4-D7E7-43D2-9B14-279EA4C431D2}"
EndProject
Project("{8BC9CEB8-8B4A-11D0-8D11-00A0C91BC942}") = "raii01", "..\raii01\raii01.vcxproj", "{4F165A37-807E-4E19-B5F5-AC16D9AB7370}"
EndProject
Project("{8BC9CEB8-8B4A-11D0-8D11-00A0C91BC942}") = "read_lines_from_file", "..\read_lines_from_file\read_lines_from_file.vcxproj", "{330F13AC-952F-4F0C-B7B7-C31DB4A0F2A3}"
EndProject
Project("{8BC9CEB8-8B4A-11D0-8D11-00A0C91BC942}") = "span01", "..\span01\span01.vcxproj", "{ECA5D874-A21E-437A-A62E-C78012787290}"
EndProject
Project("{8BC9CEB8-8B4A-11D0-8D11-00A0C91BC942}") = "span02", "..\span02\span02.vcxproj", "{CB1E0635-64A7-476B-83BB-8C0F6FEB08F2}"
EndProject
Project("{8BC9CEB8-8B4A-11D0-8D11-00A0C91BC942}") = "tests4geeks_sample_test_question", "..\tests4geeks_sample_test_question\tests4geeks_sample_test_question.vcxproj", "{5B064E8F-AE5F-4782-A304-F6A5192CA729}"
EndProject
Project("{8BC9CEB8-8B4A-11D0-8D11-00A0C91BC942}") = "type_traits", "..\type_traits\type_traits.vcxproj", "{FBA373CC-05CE-4D8A-A7B9-56136DCF4D2F}"
EndProject
Project("{8BC9CEB8-8B4A-11D0-8D11-00A0C91BC942}") = "std_initializer_list", "..\std_initializer_list\std_initializer_list.vcxproj", "{E471572C-F6C8-43CA-9B64-4F49813A5812}"
EndProject
Project("{8BC9CEB8-8B4A-11D0-8D11-00A0C91BC942}") = "exception01", "..\exception01\exception01.vcxproj", "{5B688652-B8B9-416D-A3A5-ACFAD0A33D14}"
EndProject
Project("{8BC9CEB8-8B4A-11D0-8D11-00A0C91BC942}") = "enum_as_index", "..\enum_as_index\enum_as_index.vcxproj", "{7A6FBE42-DF53-4286-AC7C-DB678DE04491}"
EndProject
Project("{8BC9CEB8-8B4A-11D0-8D11-00A0C91BC942}") = "std_endl", "..\std_endl\std_endl.vcxproj", "{198B1A9B-BAD5-4BED-B913-5C66D67C1D95}"
EndProject
Project("{8BC9CEB8-8B4A-11D0-8D11-00A0C91BC942}") = "factory", "..\factory\factory\factory.vcxproj", "{3967CFBF-C0D4-4E07-BCE1-8EA3F3BC555D}"
EndProject
Project("{8BC9CEB8-8B4A-11D0-8D11-00A0C91BC942}") = "special_member_functions", "..\special_member_functions\special_member_functions.vcxproj", "{416AB33D-AD16-4413-8FF0-B3F67B43CA9C}"
EndProject
Project("{8BC9CEB8-8B4A-11D0-8D11-00A0C91BC942}") = "kth_largest", "kth_largest\kth_largest.vcxproj", "{00F76583-604E-4144-A9C1-585FCF17C5AE}"
EndProject
Global
	GlobalSection(SolutionConfigurationPlatforms) = preSolution
		Debug|x64 = Debug|x64
		Debug|x86 = Debug|x86
		Release|x64 = Release|x64
		Release|x86 = Release|x86
	EndGlobalSection
	GlobalSection(ProjectConfigurationPlatforms) = postSolution
		{9766AC31-86B0-45B0-8A7A-CE515856111A}.Debug|x64.ActiveCfg = Debug|x64
		{9766AC31-86B0-45B0-8A7A-CE515856111A}.Debug|x64.Build.0 = Debug|x64
		{9766AC31-86B0-45B0-8A7A-CE515856111A}.Debug|x86.ActiveCfg = Debug|Win32
		{9766AC31-86B0-45B0-8A7A-CE515856111A}.Debug|x86.Build.0 = Debug|Win32
		{9766AC31-86B0-45B0-8A7A-CE515856111A}.Release|x64.ActiveCfg = Release|x64
		{9766AC31-86B0-45B0-8A7A-CE515856111A}.Release|x64.Build.0 = Release|x64
		{9766AC31-86B0-45B0-8A7A-CE515856111A}.Release|x86.ActiveCfg = Release|Win32
		{9766AC31-86B0-45B0-8A7A-CE515856111A}.Release|x86.Build.0 = Release|Win32
		{54E72196-0CF1-4790-A901-CCF8B0F7AB94}.Debug|x64.ActiveCfg = Debug|x64
		{54E72196-0CF1-4790-A901-CCF8B0F7AB94}.Debug|x64.Build.0 = Debug|x64
		{54E72196-0CF1-4790-A901-CCF8B0F7AB94}.Debug|x86.ActiveCfg = Debug|Win32
		{54E72196-0CF1-4790-A901-CCF8B0F7AB94}.Debug|x86.Build.0 = Debug|Win32
		{54E72196-0CF1-4790-A901-CCF8B0F7AB94}.Release|x64.ActiveCfg = Release|x64
		{54E72196-0CF1-4790-A901-CCF8B0F7AB94}.Release|x64.Build.0 = Release|x64
		{54E72196-0CF1-4790-A901-CCF8B0F7AB94}.Release|x86.ActiveCfg = Release|Win32
		{54E72196-0CF1-4790-A901-CCF8B0F7AB94}.Release|x86.Build.0 = Release|Win32
		{67CE4FCA-F303-45CF-9275-98D21D9B8C81}.Debug|x64.ActiveCfg = Debug|x64
		{67CE4FCA-F303-45CF-9275-98D21D9B8C81}.Debug|x64.Build.0 = Debug|x64
		{67CE4FCA-F303-45CF-9275-98D21D9B8C81}.Debug|x86.ActiveCfg = Debug|Win32
		{67CE4FCA-F303-45CF-9275-98D21D9B8C81}.Debug|x86.Build.0 = Debug|Win32
		{67CE4FCA-F303-45CF-9275-98D21D9B8C81}.Release|x64.ActiveCfg = Release|x64
		{67CE4FCA-F303-45CF-9275-98D21D9B8C81}.Release|x64.Build.0 = Release|x64
		{67CE4FCA-F303-45CF-9275-98D21D9B8C81}.Release|x86.ActiveCfg = Release|Win32
		{67CE4FCA-F303-45CF-9275-98D21D9B8C81}.Release|x86.Build.0 = Release|Win32
		{CFCB055A-7261-47AE-BEE1-E466366A028F}.Debug|x64.ActiveCfg = Debug|x64
		{CFCB055A-7261-47AE-BEE1-E466366A028F}.Debug|x64.Build.0 = Debug|x64
		{CFCB055A-7261-47AE-BEE1-E466366A028F}.Debug|x86.ActiveCfg = Debug|Win32
		{CFCB055A-7261-47AE-BEE1-E466366A028F}.Debug|x86.Build.0 = Debug|Win32
		{CFCB055A-7261-47AE-BEE1-E466366A028F}.Release|x64.ActiveCfg = Release|x64
		{CFCB055A-7261-47AE-BEE1-E466366A028F}.Release|x64.Build.0 = Release|x64
		{CFCB055A-7261-47AE-BEE1-E466366A028F}.Release|x86.ActiveCfg = Release|Win32
		{CFCB055A-7261-47AE-BEE1-E466366A028F}.Release|x86.Build.0 = Release|Win32
		{AB8C0412-E72F-4D4E-A950-907BD51A3299}.Debug|x64.ActiveCfg = Debug|x64
		{AB8C0412-E72F-4D4E-A950-907BD51A3299}.Debug|x64.Build.0 = Debug|x64
		{AB8C0412-E72F-4D4E-A950-907BD51A3299}.Debug|x86.ActiveCfg = Debug|Win32
		{AB8C0412-E72F-4D4E-A950-907BD51A3299}.Debug|x86.Build.0 = Debug|Win32
		{AB8C0412-E72F-4D4E-A950-907BD51A3299}.Release|x64.ActiveCfg = Release|x64
		{AB8C0412-E72F-4D4E-A950-907BD51A3299}.Release|x64.Build.0 = Release|x64
		{AB8C0412-E72F-4D4E-A950-907BD51A3299}.Release|x86.ActiveCfg = Release|Win32
		{AB8C0412-E72F-4D4E-A950-907BD51A3299}.Release|x86.Build.0 = Release|Win32
		{41236DA4-D7E7-43D2-9B14-279EA4C431D2}.Debug|x64.ActiveCfg = Debug|x64
		{41236DA4-D7E7-43D2-9B14-279EA4C431D2}.Debug|x64.Build.0 = Debug|x64
		{41236DA4-D7E7-43D2-9B14-279EA4C431D2}.Debug|x86.ActiveCfg = Debug|Win32
		{41236DA4-D7E7-43D2-9B14-279EA4C431D2}.Debug|x86.Build.0 = Debug|Win32
		{41236DA4-D7E7-43D2-9B14-279EA4C431D2}.Release|x64.ActiveCfg = Release|x64
		{41236DA4-D7E7-43D2-9B14-279EA4C431D2}.Release|x64.Build.0 = Release|x64
		{41236DA4-D7E7-43D2-9B14-279EA4C431D2}.Release|x86.ActiveCfg = Release|Win32
		{41236DA4-D7E7-43D2-9B14-279EA4C431D2}.Release|x86.Build.0 = Release|Win32
		{4F165A37-807E-4E19-B5F5-AC16D9AB7370}.Debug|x64.ActiveCfg = Debug|x64
		{4F165A37-807E-4E19-B5F5-AC16D9AB7370}.Debug|x64.Build.0 = Debug|x64
		{4F165A37-807E-4E19-B5F5-AC16D9AB7370}.Debug|x86.ActiveCfg = Debug|Win32
		{4F165A37-807E-4E19-B5F5-AC16D9AB7370}.Debug|x86.Build.0 = Debug|Win32
		{4F165A37-807E-4E19-B5F5-AC16D9AB7370}.Release|x64.ActiveCfg = Release|x64
		{4F165A37-807E-4E19-B5F5-AC16D9AB7370}.Release|x64.Build.0 = Release|x64
		{4F165A37-807E-4E19-B5F5-AC16D9AB7370}.Release|x86.ActiveCfg = Release|Win32
		{4F165A37-807E-4E19-B5F5-AC16D9AB7370}.Release|x86.Build.0 = Release|Win32
		{330F13AC-952F-4F0C-B7B7-C31DB4A0F2A3}.Debug|x64.ActiveCfg = Debug|x64
		{330F13AC-952F-4F0C-B7B7-C31DB4A0F2A3}.Debug|x64.Build.0 = Debug|x64
		{330F13AC-952F-4F0C-B7B7-C31DB4A0F2A3}.Debug|x86.ActiveCfg = Debug|Win32
		{330F13AC-952F-4F0C-B7B7-C31DB4A0F2A3}.Debug|x86.Build.0 = Debug|Win32
		{330F13AC-952F-4F0C-B7B7-C31DB4A0F2A3}.Release|x64.ActiveCfg = Release|x64
		{330F13AC-952F-4F0C-B7B7-C31DB4A0F2A3}.Release|x64.Build.0 = Release|x64
		{330F13AC-952F-4F0C-B7B7-C31DB4A0F2A3}.Release|x86.ActiveCfg = Release|Win32
		{330F13AC-952F-4F0C-B7B7-C31DB4A0F2A3}.Release|x86.Build.0 = Release|Win32
		{ECA5D874-A21E-437A-A62E-C78012787290}.Debug|x64.ActiveCfg = Debug|x64
		{ECA5D874-A21E-437A-A62E-C78012787290}.Debug|x64.Build.0 = Debug|x64
		{ECA5D874-A21E-437A-A62E-C78012787290}.Debug|x86.ActiveCfg = Debug|Win32
		{ECA5D874-A21E-437A-A62E-C78012787290}.Debug|x86.Build.0 = Debug|Win32
		{ECA5D874-A21E-437A-A62E-C78012787290}.Release|x64.ActiveCfg = Release|x64
		{ECA5D874-A21E-437A-A62E-C78012787290}.Release|x64.Build.0 = Release|x64
		{ECA5D874-A21E-437A-A62E-C78012787290}.Release|x86.ActiveCfg = Release|Win32
		{ECA5D874-A21E-437A-A62E-C78012787290}.Release|x86.Build.0 = Release|Win32
		{CB1E0635-64A7-476B-83BB-8C0F6FEB08F2}.Debug|x64.ActiveCfg = Debug|x64
		{CB1E0635-64A7-476B-83BB-8C0F6FEB08F2}.Debug|x64.Build.0 = Debug|x64
		{CB1E0635-64A7-476B-83BB-8C0F6FEB08F2}.Debug|x86.ActiveCfg = Debug|Win32
		{CB1E0635-64A7-476B-83BB-8C0F6FEB08F2}.Debug|x86.Build.0 = Debug|Win32
		{CB1E0635-64A7-476B-83BB-8C0F6FEB08F2}.Release|x64.ActiveCfg = Release|x64
		{CB1E0635-64A7-476B-83BB-8C0F6FEB08F2}.Release|x64.Build.0 = Release|x64
		{CB1E0635-64A7-476B-83BB-8C0F6FEB08F2}.Release|x86.ActiveCfg = Release|Win32
		{CB1E0635-64A7-476B-83BB-8C0F6FEB08F2}.Release|x86.Build.0 = Release|Win32
		{5B064E8F-AE5F-4782-A304-F6A5192CA729}.Debug|x64.ActiveCfg = Debug|x64
		{5B064E8F-AE5F-4782-A304-F6A5192CA729}.Debug|x64.Build.0 = Debug|x64
		{5B064E8F-AE5F-4782-A304-F6A5192CA729}.Debug|x86.ActiveCfg = Debug|Win32
		{5B064E8F-AE5F-4782-A304-F6A5192CA729}.Debug|x86.Build.0 = Debug|Win32
		{5B064E8F-AE5F-4782-A304-F6A5192CA729}.Release|x64.ActiveCfg = Release|x64
		{5B064E8F-AE5F-4782-A304-F6A5192CA729}.Release|x64.Build.0 = Release|x64
		{5B064E8F-AE5F-4782-A304-F6A5192CA729}.Release|x86.ActiveCfg = Release|Win32
		{5B064E8F-AE5F-4782-A304-F6A5192CA729}.Release|x86.Build.0 = Release|Win32
		{FBA373CC-05CE-4D8A-A7B9-56136DCF4D2F}.Debug|x64.ActiveCfg = Debug|x64
		{FBA373CC-05CE-4D8A-A7B9-56136DCF4D2F}.Debug|x64.Build.0 = Debug|x64
		{FBA373CC-05CE-4D8A-A7B9-56136DCF4D2F}.Debug|x86.ActiveCfg = Debug|Win32
		{FBA373CC-05CE-4D8A-A7B9-56136DCF4D2F}.Debug|x86.Build.0 = Debug|Win32
		{FBA373CC-05CE-4D8A-A7B9-56136DCF4D2F}.Release|x64.ActiveCfg = Release|x64
		{FBA373CC-05CE-4D8A-A7B9-56136DCF4D2F}.Release|x64.Build.0 = Release|x64
		{FBA373CC-05CE-4D8A-A7B9-56136DCF4D2F}.Release|x86.ActiveCfg = Release|Win32
		{FBA373CC-05CE-4D8A-A7B9-56136DCF4D2F}.Release|x86.Build.0 = Release|Win32
		{E471572C-F6C8-43CA-9B64-4F49813A5812}.Debug|x64.ActiveCfg = Debug|x64
		{E471572C-F6C8-43CA-9B64-4F49813A5812}.Debug|x64.Build.0 = Debug|x64
		{E471572C-F6C8-43CA-9B64-4F49813A5812}.Debug|x86.ActiveCfg = Debug|Win32
		{E471572C-F6C8-43CA-9B64-4F49813A5812}.Debug|x86.Build.0 = Debug|Win32
		{E471572C-F6C8-43CA-9B64-4F49813A5812}.Release|x64.ActiveCfg = Release|x64
		{E471572C-F6C8-43CA-9B64-4F49813A5812}.Release|x64.Build.0 = Release|x64
		{E471572C-F6C8-43CA-9B64-4F49813A5812}.Release|x86.ActiveCfg = Release|Win32
		{E471572C-F6C8-43CA-9B64-4F49813A5812}.Release|x86.Build.0 = Release|Win32
		{5B688652-B8B9-416D-A3A5-ACFAD0A33D14}.Debug|x64.ActiveCfg = Debug|x64
		{5B688652-B8B9-416D-A3A5-ACFAD0A33D14}.Debug|x64.Build.0 = Debug|x64
		{5B688652-B8B9-416D-A3A5-ACFAD0A33D14}.Debug|x86.ActiveCfg = Debug|Win32
		{5B688652-B8B9-416D-A3A5-ACFAD0A33D14}.Debug|x86.Build.0 = Debug|Win32
		{5B688652-B8B9-416D-A3A5-ACFAD0A33D14}.Release|x64.ActiveCfg = Release|x64
		{5B688652-B8B9-416D-A3A5-ACFAD0A33D14}.Release|x64.Build.0 = Release|x64
		{5B688652-B8B9-416D-A3A5-ACFAD0A33D14}.Release|x86.ActiveCfg = Release|Win32
		{5B688652-B8B9-416D-A3A5-ACFAD0A33D14}.Release|x86.Build.0 = Release|Win32
		{7A6FBE42-DF53-4286-AC7C-DB678DE04491}.Debug|x64.ActiveCfg = Debug|x64
		{7A6FBE42-DF53-4286-AC7C-DB678DE04491}.Debug|x64.Build.0 = Debug|x64
		{7A6FBE42-DF53-4286-AC7C-DB678DE04491}.Debug|x86.ActiveCfg = Debug|Win32
		{7A6FBE42-DF53-4286-AC7C-DB678DE04491}.Debug|x86.Build.0 = Debug|Win32
		{7A6FBE42-DF53-4286-AC7C-DB678DE04491}.Release|x64.ActiveCfg = Release|x64
		{7A6FBE42-DF53-4286-AC7C-DB678DE04491}.Release|x64.Build.0 = Release|x64
		{7A6FBE42-DF53-4286-AC7C-DB678DE04491}.Release|x86.ActiveCfg = Release|Win32
		{7A6FBE42-DF53-4286-AC7C-DB678DE04491}.Release|x86.Build.0 = Release|Win32
		{198B1A9B-BAD5-4BED-B913-5C66D67C1D95}.Debug|x64.ActiveCfg = Debug|x64
		{198B1A9B-BAD5-4BED-B913-5C66D67C1D95}.Debug|x64.Build.0 = Debug|x64
		{198B1A9B-BAD5-4BED-B913-5C66D67C1D95}.Debug|x86.ActiveCfg = Debug|Win32
		{198B1A9B-BAD5-4BED-B913-5C66D67C1D95}.Debug|x86.Build.0 = Debug|Win32
		{198B1A9B-BAD5-4BED-B913-5C66D67C1D95}.Release|x64.ActiveCfg = Release|x64
		{198B1A9B-BAD5-4BED-B913-5C66D67C1D95}.Release|x64.Build.0 = Release|x64
		{198B1A9B-BAD5-4BED-B913-5C66D67C1D95}.Release|x86.ActiveCfg = Release|Win32
		{198B1A9B-BAD5-4BED-B913-5C66D67C1D95}.Release|x86.Build.0 = Release|Win32
		{3967CFBF-C0D4-4E07-BCE1-8EA3F3BC555D}.Debug|x64.ActiveCfg = Debug|x64
		{3967CFBF-C0D4-4E07-BCE1-8EA3F3BC555D}.Debug|x64.Build.0 = Debug|x64
		{3967CFBF-C0D4-4E07-BCE1-8EA3F3BC555D}.Debug|x86.ActiveCfg = Debug|Win32
		{3967CFBF-C0D4-4E07-BCE1-8EA3F3BC555D}.Debug|x86.Build.0 = Debug|Win32
		{3967CFBF-C0D4-4E07-BCE1-8EA3F3BC555D}.Release|x64.ActiveCfg = Release|x64
		{3967CFBF-C0D4-4E07-BCE1-8EA3F3BC555D}.Release|x64.Build.0 = Release|x64
		{3967CFBF-C0D4-4E07-BCE1-8EA3F3BC555D}.Release|x86.ActiveCfg = Release|Win32
		{3967CFBF-C0D4-4E07-BCE1-8EA3F3BC555D}.Release|x86.Build.0 = Release|Win32
		{416AB33D-AD16-4413-8FF0-B3F67B43CA9C}.Debug|x64.ActiveCfg = Debug|x64
		{416AB33D-AD16-4413-8FF0-B3F67B43CA9C}.Debug|x64.Build.0 = Debug|x64
		{416AB33D-AD16-4413-8FF0-B3F67B43CA9C}.Debug|x86.ActiveCfg = Debug|Win32
		{416AB33D-AD16-4413-8FF0-B3F67B43CA9C}.Debug|x86.Build.0 = Debug|Win32
		{416AB33D-AD16-4413-8FF0-B3F67B43CA9C}.Release|x64.ActiveCfg = Release|x64
		{416AB33D-AD16-4413-8FF0-B3F67B43CA9C}.Release|x64.Build.0 = Release|x64
		{416AB33D-AD16-4413-8FF0-B3F67B43CA9C}.Release|x86.ActiveCfg = Release|Win32
		{416AB33D-AD16-4413-8FF0-B3F67B43CA9C}.Release|x86.Build.0 = Release|Win32
		{00F76583-604E-4144-A9C1-585FCF17C5AE}.Debug|x64.ActiveCfg = Debug|x64
		{00F76583-604E-4144-A9C1-585FCF17C5AE}.Debug|x64.Build.0 = Debug|x64
		{00F76583-604E-4144-A9C1-585FCF17C5AE}.Debug|x86.ActiveCfg = Debug|Win32
		{00F76583-604E-4144-A9C1-585FCF17C5AE}.Debug|x86.Build.0 = Debug|Win32
		{00F76583-604E-4144-A9C1-585FCF17C5AE}.Release|x64.ActiveCfg = Release|x64
		{00F76583-604E-4144-A9C1-585FCF17C5AE}.Release|x64.Build.0 = Release|x64
		{00F76583-604E-4144-A9C1-585FCF17C5AE}.Release|x86.ActiveCfg = Release|Win32
		{00F76583-604E-4144-A9C1-585FCF17C5AE}.Release|x86.Build.0 = Release|Win32
	EndGlobalSection
	GlobalSection(SolutionProperties) = preSolution
		HideSolutionNode = FALSE
	EndGlobalSection
	GlobalSection(ExtensibilityGlobals) = postSolution
		SolutionGuid = {E7FCD362-C4C6-48C3-95D3-A80D4F792DF8}
	EndGlobalSection
EndGlobal
